
Microsoft Visual Studio Solution File, Format Version 12.00
# Visual Studio 15
Project("{FAE04EC0-301F-11D3-BF4B-00C04F79EFBC}") = "salesTracker", "salesTracker\salesTracker.csproj", "{AA859EFC-9A83-41E5-83DF-7F670FCD49CE}"
EndProject
Global
	GlobalSection(SolutionConfigurationPlatforms) = preSolution
		Debug|Any CPU = Debug|Any CPU
		Release|Any CPU = Release|Any CPU
	EndGlobalSection
	GlobalSection(ProjectConfigurationPlatforms) = postSolution
		{AA859EFC-9A83-41E5-83DF-7F670FCD49CE}.Debug|Any CPU.ActiveCfg = Debug|Any CPU
		{AA859EFC-9A83-41E5-83DF-7F670FCD49CE}.Debug|Any CPU.Build.0 = Debug|Any CPU
		{AA859EFC-9A83-41E5-83DF-7F670FCD49CE}.Release|Any CPU.ActiveCfg = Release|Any CPU
		{AA859EFC-9A83-41E5-83DF-7F670FCD49CE}.Release|Any CPU.Build.0 = Release|Any CPU
	EndGlobalSection
EndGlobal
